// !$*UTF8*$!
{
	archiveVersion = 1;
	classes = {
	};
	objectVersion = 46;
	objects = {

/* Begin PBXBuildFile section */
		14667BF31DA1F3A8007CFA81 /* Map.cpp in Sources */ = {isa = PBXBuildFile; fileRef = 14667BF11DA1F3A8007CFA81 /* Map.cpp */; };
		14A738701DA1082F00F663B9 /* ResourcePath.mm in Sources */ = {isa = PBXBuildFile; fileRef = 14A7386F1DA1082F00F663B9 /* ResourcePath.mm */; };
		14A738731DA1082F00F663B9 /* main.cpp in Sources */ = {isa = PBXBuildFile; fileRef = 14A738721DA1082F00F663B9 /* main.cpp */; };
		14A738831DA108C000F663B9 /* media in Resources */ = {isa = PBXBuildFile; fileRef = 14A738821DA108C000F663B9 /* media */; };
		14A738861DA109E600F663B9 /* AABB.cpp in Sources */ = {isa = PBXBuildFile; fileRef = 14A738841DA109E600F663B9 /* AABB.cpp */; };
		14A7388A1DA1232F00F663B9 /* MovingEntity.cpp in Sources */ = {isa = PBXBuildFile; fileRef = 14A738881DA1232F00F663B9 /* MovingEntity.cpp */; };
		14A7388E1DA1347500F663B9 /* Character.cpp in Sources */ = {isa = PBXBuildFile; fileRef = 14A7388C1DA1347500F663B9 /* Character.cpp */; };
/* End PBXBuildFile section */

/* Begin PBXFileReference section */
		14667BF11DA1F3A8007CFA81 /* Map.cpp */ = {isa = PBXFileReference; fileEncoding = 4; lastKnownFileType = sourcecode.cpp.cpp; name = Map.cpp; path = core/Map.cpp; sourceTree = "<group>"; };
		14667BF21DA1F3A8007CFA81 /* Map.hpp */ = {isa = PBXFileReference; fileEncoding = 4; lastKnownFileType = sourcecode.cpp.h; name = Map.hpp; path = core/Map.hpp; sourceTree = "<group>"; };
		14A7386A1DA1082F00F663B9 /* PlatformerEngine.app */ = {isa = PBXFileReference; explicitFileType = wrapper.application; includeInIndex = 0; path = PlatformerEngine.app; sourceTree = BUILT_PRODUCTS_DIR; };
		14A7386E1DA1082F00F663B9 /* PlatformerEngine-Info.plist */ = {isa = PBXFileReference; lastKnownFileType = text.plist.xml; path = "PlatformerEngine-Info.plist"; sourceTree = "<group>"; };
		14A7386F1DA1082F00F663B9 /* ResourcePath.mm */ = {isa = PBXFileReference; lastKnownFileType = sourcecode.cpp.objcpp; path = ResourcePath.mm; sourceTree = "<group>"; };
		14A738711DA1082F00F663B9 /* ResourcePath.hpp */ = {isa = PBXFileReference; lastKnownFileType = sourcecode.cpp.h; path = ResourcePath.hpp; sourceTree = "<group>"; };
		14A738721DA1082F00F663B9 /* main.cpp */ = {isa = PBXFileReference; lastKnownFileType = sourcecode.cpp.cpp; path = main.cpp; sourceTree = "<group>"; };
		14A738821DA108C000F663B9 /* media */ = {isa = PBXFileReference; lastKnownFileType = folder; path = media; sourceTree = "<group>"; };
		14A738841DA109E600F663B9 /* AABB.cpp */ = {isa = PBXFileReference; fileEncoding = 4; lastKnownFileType = sourcecode.cpp.cpp; name = AABB.cpp; path = physics/AABB.cpp; sourceTree = "<group>"; };
		14A738851DA109E600F663B9 /* AABB.hpp */ = {isa = PBXFileReference; fileEncoding = 4; lastKnownFileType = sourcecode.cpp.h; name = AABB.hpp; path = physics/AABB.hpp; sourceTree = "<group>"; };
		14A738881DA1232F00F663B9 /* MovingEntity.cpp */ = {isa = PBXFileReference; fileEncoding = 4; lastKnownFileType = sourcecode.cpp.cpp; name = MovingEntity.cpp; path = core/MovingEntity.cpp; sourceTree = "<group>"; };
		14A738891DA1232F00F663B9 /* MovingEntity.hpp */ = {isa = PBXFileReference; fileEncoding = 4; lastKnownFileType = sourcecode.cpp.h; name = MovingEntity.hpp; path = core/MovingEntity.hpp; sourceTree = "<group>"; };
		14A7388C1DA1347500F663B9 /* Character.cpp */ = {isa = PBXFileReference; fileEncoding = 4; lastKnownFileType = sourcecode.cpp.cpp; name = Character.cpp; path = game/Character.cpp; sourceTree = "<group>"; };
		14A7388D1DA1347500F663B9 /* Character.hpp */ = {isa = PBXFileReference; fileEncoding = 4; lastKnownFileType = sourcecode.cpp.h; name = Character.hpp; path = game/Character.hpp; sourceTree = "<group>"; };
/* End PBXFileReference section */

/* Begin PBXFrameworksBuildPhase section */
		14A738661DA1082E00F663B9 /* Frameworks */ = {
			isa = PBXFrameworksBuildPhase;
			buildActionMask = 2147483647;
			files = (
			);
			runOnlyForDeploymentPostprocessing = 0;
		};
/* End PBXFrameworksBuildPhase section */

/* Begin PBXGroup section */
		14A738601DA1082E00F663B9 = {
			isa = PBXGroup;
			children = (
				14A7386C1DA1082F00F663B9 /* PlatformerEngine */,
				14A7386B1DA1082F00F663B9 /* Products */,
			);
			sourceTree = "<group>";
		};
		14A7386B1DA1082F00F663B9 /* Products */ = {
			isa = PBXGroup;
			children = (
				14A7386A1DA1082F00F663B9 /* PlatformerEngine.app */,
			);
			name = Products;
			sourceTree = "<group>";
		};
		14A7386C1DA1082F00F663B9 /* PlatformerEngine */ = {
			isa = PBXGroup;
			children = (
				14A7388B1DA1233700F663B9 /* core */,
				14A738871DA109F600F663B9 /* physics */,
				14A7388F1DA1347900F663B9 /* game */,
				14A7386F1DA1082F00F663B9 /* ResourcePath.mm */,
				14A738711DA1082F00F663B9 /* ResourcePath.hpp */,
				14A738721DA1082F00F663B9 /* main.cpp */,
				14A738821DA108C000F663B9 /* media */,
				14A7386D1DA1082F00F663B9 /* Supporting Files */,
			);
			path = PlatformerEngine;
			sourceTree = "<group>";
		};
		14A7386D1DA1082F00F663B9 /* Supporting Files */ = {
			isa = PBXGroup;
			children = (
				14A7386E1DA1082F00F663B9 /* PlatformerEngine-Info.plist */,
			);
			name = "Supporting Files";
			sourceTree = "<group>";
		};
		14A738871DA109F600F663B9 /* physics */ = {
			isa = PBXGroup;
			children = (
				14A738841DA109E600F663B9 /* AABB.cpp */,
				14A738851DA109E600F663B9 /* AABB.hpp */,
			);
			name = physics;
			sourceTree = "<group>";
		};
		14A7388B1DA1233700F663B9 /* core */ = {
			isa = PBXGroup;
			children = (
				14A738881DA1232F00F663B9 /* MovingEntity.cpp */,
				14A738891DA1232F00F663B9 /* MovingEntity.hpp */,
				14667BF11DA1F3A8007CFA81 /* Map.cpp */,
				14667BF21DA1F3A8007CFA81 /* Map.hpp */,
			);
			name = core;
			sourceTree = "<group>";
		};
		14A7388F1DA1347900F663B9 /* game */ = {
			isa = PBXGroup;
			children = (
				14A7388C1DA1347500F663B9 /* Character.cpp */,
				14A7388D1DA1347500F663B9 /* Character.hpp */,
			);
			name = game;
			sourceTree = "<group>";
		};
/* End PBXGroup section */

/* Begin PBXNativeTarget section */
		14A738691DA1082E00F663B9 /* PlatformerEngine */ = {
			isa = PBXNativeTarget;
			buildConfigurationList = 14A7387F1DA1082F00F663B9 /* Build configuration list for PBXNativeTarget "PlatformerEngine" */;
			buildPhases = (
				14A738651DA1082E00F663B9 /* Sources */,
				14A738661DA1082E00F663B9 /* Frameworks */,
				14A738671DA1082E00F663B9 /* Resources */,
				14A738681DA1082E00F663B9 /* Run Script */,
			);
			buildRules = (
			);
			dependencies = (
			);
			name = PlatformerEngine;
			productName = PlatformerEngine;
			productReference = 14A7386A1DA1082F00F663B9 /* PlatformerEngine.app */;
			productType = "com.apple.product-type.application";
		};
/* End PBXNativeTarget section */

/* Begin PBXProject section */
		14A738611DA1082E00F663B9 /* Project object */ = {
			isa = PBXProject;
			attributes = {
				LastUpgradeCheck = 0800;
				ORGANIZATIONNAME = Sean;
				TargetAttributes = {
					14A738691DA1082E00F663B9 = {
						CreatedOnToolsVersion = 8.0;
						ProvisioningStyle = Automatic;
					};
				};
			};
			buildConfigurationList = 14A738641DA1082E00F663B9 /* Build configuration list for PBXProject "PlatformerEngine" */;
			compatibilityVersion = "Xcode 3.2";
			developmentRegion = English;
			hasScannedForEncodings = 0;
			knownRegions = (
				en,
			);
			mainGroup = 14A738601DA1082E00F663B9;
			productRefGroup = 14A7386B1DA1082F00F663B9 /* Products */;
			projectDirPath = "";
			projectRoot = "";
			targets = (
				14A738691DA1082E00F663B9 /* PlatformerEngine */,
			);
		};
/* End PBXProject section */

/* Begin PBXResourcesBuildPhase section */
		14A738671DA1082E00F663B9 /* Resources */ = {
			isa = PBXResourcesBuildPhase;
			buildActionMask = 2147483647;
			files = (
				14A738831DA108C000F663B9 /* media in Resources */,
			);
			runOnlyForDeploymentPostprocessing = 0;
		};
/* End PBXResourcesBuildPhase section */

/* Begin PBXShellScriptBuildPhase section */
		14A738681DA1082E00F663B9 /* Run Script */ = {
			isa = PBXShellScriptBuildPhase;
			buildActionMask = 2147483647;
			files = (
			);
			inputPaths = (
			);
			name = "Run Script";
			outputPaths = (
			);
			runOnlyForDeploymentPostprocessing = 0;
			shellPath = /bin/sh;
			shellScript = "# This shell script simply copies required SFML dylibs/frameworks into the application bundle frameworks folder.\n# If you're using static libraries (which is not recommended) you should remove this script from your project.\n\n# SETTINGS\nCMAKE_INSTALL_FRAMEWORK_PREFIX=\"/Library/Frameworks\"\nCMAKE_INSTALL_LIB_PREFIX=\"/usr/local/lib\"\nFRAMEWORKS_FULL_PATH=\"$BUILT_PRODUCTS_DIR/$FRAMEWORKS_FOLDER_PATH/\"\n\n# Are we building a project that uses frameworks or dylibs?\ncase \"$SFML_BINARY_TYPE\" in\n    DYLIBS)\n        frameworks=\"false\"\n        ;;\n    *)\n        frameworks=\"true\"\n        ;;\nesac\n\n# Echoes to stderr\nerror () # $* message to display\n{\n    echo $* 1>&2\n    exit 2\n}\n\nassert () # $1 is a boolean, $2...N is an error message\n{\n    if [ $# -lt 2 ]\n    then\n        error \"Internal error in assert: not enough args\"\n    fi\n\n    if [ $1 -ne 0 ]\n    then\n        shift\n        error \"$*\"\n    fi\n}\n\nforce_remove () # $@ is some paths\n{\n    test $# -ge 1\n    assert $? \"force_remove() requires at least one parameter\"\n    rm -fr $@\n    assert $? \"couldn't remove $@\"\n}\n\ncopy () # $1 is a source, $2 is a destination\n{\n    test $# -eq 2\n    assert $? \"copy() requires two parameters\"\n    ditto \"$1\" \"$2\"\n    assert $? \"couldn't copy $1 to $2\"\n}\n\nrequire () # $1 is a SFML module like 'system' or 'audio'\n{\n    dest=\"$BUILT_PRODUCTS_DIR/$FRAMEWORKS_FOLDER_PATH/\"\n\n    if [ -z \"$1\" ]\n    then\n        error \"require() requires one parameter!\"\n    else\n        # clean potentially old stuff\n        force_remove \"$dest/libsfml-$1\"*\n        force_remove \"$dest/sfml-$1.framework\"\n\n        # copy SFML libraries\n        if [ \"$frameworks\" = \"true\" ]\n        then\n            source=\"$CMAKE_INSTALL_FRAMEWORK_PREFIX/sfml-$1.framework\"\n            target=\"sfml-$1.framework\"\n        elif [ \"$SFML_LINK_DYLIBS_SUFFIX\" = \"-d\" ]\n        then\n            source=\"$CMAKE_INSTALL_LIB_PREFIX/libsfml-$1-d.dylib\"\n            target=\"`readlink $source`\"\n        else\n            source=\"$CMAKE_INSTALL_LIB_PREFIX/libsfml-$1.dylib\"\n            target=\"`readlink $source`\"\n        fi\n\n        copy \"$source\" \"$dest/$target\"\n\n        # copy extra dependencies\n        if [ \"$1\" = \"audio\" ]\n        then\n            # copy \"FLAC\" \"ogg\" \"vorbis\" \"vorbisenc\" \"vorbisfile\" \"OpenAL\" frameworks too\n            for f in \"FLAC\" \"ogg\" \"vorbis\" \"vorbisenc\" \"vorbisfile\" \"OpenAL\"\n            do\n                copy \"$CMAKE_INSTALL_FRAMEWORK_PREFIX/$f.framework\" \"$dest/$f.framework\"\n            done\n        elif [ \"$1\" = \"graphics\" ]\n        then\n            copy \"$CMAKE_INSTALL_FRAMEWORK_PREFIX/freetype.framework\" \"$dest/freetype.framework\"\n        fi\n    fi\n}\n\nif [ -n \"$SFML_SYSTEM\" ]\nthen\n    require \"system\"\nfi\n\nif [ -n \"$SFML_AUDIO\" ]\nthen\n    require \"audio\"\nfi\n\nif [ -n \"$SFML_NETWORK\" ]\nthen\n    require \"network\"\nfi\n\nif [ -n \"$SFML_WINDOW\" ]\nthen\n    require \"window\"\nfi\n\nif [ -n \"$SFML_GRAPHICS\" ]\nthen\n    require \"graphics\"\nfi\n\n                ";
		};
/* End PBXShellScriptBuildPhase section */

/* Begin PBXSourcesBuildPhase section */
		14A738651DA1082E00F663B9 /* Sources */ = {
			isa = PBXSourcesBuildPhase;
			buildActionMask = 2147483647;
			files = (
				14667BF31DA1F3A8007CFA81 /* Map.cpp in Sources */,
				14A738861DA109E600F663B9 /* AABB.cpp in Sources */,
				14A7388A1DA1232F00F663B9 /* MovingEntity.cpp in Sources */,
				14A738731DA1082F00F663B9 /* main.cpp in Sources */,
				14A7388E1DA1347500F663B9 /* Character.cpp in Sources */,
				14A738701DA1082F00F663B9 /* ResourcePath.mm in Sources */,
			);
			runOnlyForDeploymentPostprocessing = 0;
		};
/* End PBXSourcesBuildPhase section */

/* Begin XCBuildConfiguration section */
		14A7387D1DA1082F00F663B9 /* Debug */ = {
			isa = XCBuildConfiguration;
			buildSettings = {
				ARCHS = "$(NATIVE_ARCH_ACTUAL)";
				CLANG_CXX_LANGUAGE_STANDARD = "c++0x";
				CLANG_CXX_LIBRARY = "libc++";
				FRAMEWORK_SEARCH_PATHS = (
					/Library/Frameworks/,
					"$(inherited)",
				);
				GCC_VERSION = com.apple.compilers.llvm.clang.1_0;
				HEADER_SEARCH_PATHS = (
					/usr/local/include/,
					"$(inherited)",
				);
				LIBRARY_SEARCH_PATHS = (
					/usr/local/lib/,
					"$(inherited)",
				);
				MACOSX_DEPLOYMENT_TARGET = 10.7;
				OTHER_LDFLAGS = (
					"$(inherited)",
					"$(SFML_SYSTEM)",
					"$(SFML_WINDOW)",
					"$(SFML_GRAPHICS)",
					"$(SFML_AUDIO)",
					"$(SFML_NETWORK)",
				);
				SFML_AUDIO = "$(SFML_LINK_PREFIX) sfml-audio$(SFML_LINK_SUFFIX)";
				SFML_BINARY_TYPE = FRAMEWORKS;
				SFML_GRAPHICS = "$(SFML_LINK_PREFIX) sfml-graphics$(SFML_LINK_SUFFIX)";
				SFML_LINK_DYLIBS_PREFIX = "-l";
				SFML_LINK_DYLIBS_SUFFIX = "";
				SFML_LINK_FRAMEWORKS_PREFIX = "-framework";
				SFML_LINK_FRAMEWORKS_SUFFIX = "";
				SFML_LINK_PREFIX = "$(SFML_LINK_$(SFML_BINARY_TYPE)_PREFIX)";
				SFML_LINK_SUFFIX = "$(SFML_LINK_$(SFML_BINARY_TYPE)_SUFFIX)";
				SFML_NETWORK = "";
				SFML_SYSTEM = "$(SFML_LINK_PREFIX) sfml-system$(SFML_LINK_SUFFIX)";
				SFML_WINDOW = "$(SFML_LINK_PREFIX) sfml-window$(SFML_LINK_SUFFIX)";
				SUPPORTED_PLATFORMS = macosx;
			};
			name = Debug;
		};
		14A7387E1DA1082F00F663B9 /* Release */ = {
			isa = XCBuildConfiguration;
			buildSettings = {
				ARCHS = "$(NATIVE_ARCH_ACTUAL)";
				CLANG_CXX_LANGUAGE_STANDARD = "c++0x";
				CLANG_CXX_LIBRARY = "libc++";
				FRAMEWORK_SEARCH_PATHS = (
					/Library/Frameworks/,
					"$(inherited)",
				);
				GCC_VERSION = com.apple.compilers.llvm.clang.1_0;
				HEADER_SEARCH_PATHS = (
					/usr/local/include/,
					"$(inherited)",
				);
				LIBRARY_SEARCH_PATHS = (
					/usr/local/lib/,
					"$(inherited)",
				);
				MACOSX_DEPLOYMENT_TARGET = 10.7;
				OTHER_LDFLAGS = (
					"$(inherited)",
					"$(SFML_SYSTEM)",
					"$(SFML_WINDOW)",
					"$(SFML_GRAPHICS)",
					"$(SFML_AUDIO)",
					"$(SFML_NETWORK)",
				);
				SFML_AUDIO = "$(SFML_LINK_PREFIX) sfml-audio$(SFML_LINK_SUFFIX)";
				SFML_BINARY_TYPE = FRAMEWORKS;
				SFML_GRAPHICS = "$(SFML_LINK_PREFIX) sfml-graphics$(SFML_LINK_SUFFIX)";
				SFML_LINK_DYLIBS_PREFIX = "-l";
				SFML_LINK_DYLIBS_SUFFIX = "";
				SFML_LINK_FRAMEWORKS_PREFIX = "-framework";
				SFML_LINK_FRAMEWORKS_SUFFIX = "";
				SFML_LINK_PREFIX = "$(SFML_LINK_$(SFML_BINARY_TYPE)_PREFIX)";
				SFML_LINK_SUFFIX = "$(SFML_LINK_$(SFML_BINARY_TYPE)_SUFFIX)";
				SFML_NETWORK = "";
				SFML_SYSTEM = "$(SFML_LINK_PREFIX) sfml-system$(SFML_LINK_SUFFIX)";
				SFML_WINDOW = "$(SFML_LINK_PREFIX) sfml-window$(SFML_LINK_SUFFIX)";
				SUPPORTED_PLATFORMS = macosx;
			};
			name = Release;
		};
		14A738801DA1082F00F663B9 /* Debug */ = {
			isa = XCBuildConfiguration;
			buildSettings = {
				INFOPLIST_FILE = "PlatformerEngine/PlatformerEngine-Info.plist";
				LD_RUNPATH_SEARCH_PATHS = "@loader_path/../Frameworks";
				PRODUCT_NAME = "$(TARGET_NAME)";
			};
			name = Debug;
		};
		14A738811DA1082F00F663B9 /* Release */ = {
			isa = XCBuildConfiguration;
			buildSettings = {
				INFOPLIST_FILE = "PlatformerEngine/PlatformerEngine-Info.plist";
				LD_RUNPATH_SEARCH_PATHS = "@loader_path/../Frameworks";
				PRODUCT_NAME = "$(TARGET_NAME)";
			};
			name = Release;
		};
/* End XCBuildConfiguration section */

/* Begin XCConfigurationList section */
		14A738641DA1082E00F663B9 /* Build configuration list for PBXProject "PlatformerEngine" */ = {
			isa = XCConfigurationList;
			buildConfigurations = (
				14A7387D1DA1082F00F663B9 /* Debug */,
				14A7387E1DA1082F00F663B9 /* Release */,
			);
			defaultConfigurationIsVisible = 0;
			defaultConfigurationName = Release;
		};
		14A7387F1DA1082F00F663B9 /* Build configuration list for PBXNativeTarget "PlatformerEngine" */ = {
			isa = XCConfigurationList;
			buildConfigurations = (
				14A738801DA1082F00F663B9 /* Debug */,
				14A738811DA1082F00F663B9 /* Release */,
			);
			defaultConfigurationIsVisible = 0;
			defaultConfigurationName = Release;
		};
/* End XCConfigurationList section */
	};
	rootObject = 14A738611DA1082E00F663B9 /* Project object */;
}
